// !$*UTF8*$!
{
	archiveVersion = 1;
	classes = {
	};
	objectVersion = 46;
	objects = {

/* Begin PBXBuildFile section */
		7B3EE71E1417777F0098533E /* UIKit.framework in Frameworks */ = {isa = PBXBuildFile; fileRef = 7B3EE71D1417777F0098533E /* UIKit.framework */; };
		7B3EE7201417777F0098533E /* Foundation.framework in Frameworks */ = {isa = PBXBuildFile; fileRef = 7B3EE71F1417777F0098533E /* Foundation.framework */; };
		7B3EE7261417777F0098533E /* InfoPlist.strings in Resources */ = {isa = PBXBuildFile; fileRef = 7B3EE7241417777F0098533E /* InfoPlist.strings */; };
		7B3EE7281417777F0098533E /* main.m in Sources */ = {isa = PBXBuildFile; fileRef = 7B3EE7271417777F0098533E /* main.m */; };
		7B3EE72C1417777F0098533E /* AppDelegate.m in Sources */ = {isa = PBXBuildFile; fileRef = 7B3EE72B1417777F0098533E /* AppDelegate.m */; };
		7B3EE72F1417777F0098533E /* MainStoryboard.storyboard in Resources */ = {isa = PBXBuildFile; fileRef = 7B3EE72D1417777F0098533E /* MainStoryboard.storyboard */; };
		7B3EE7321417777F0098533E /* ViewController.m in Sources */ = {isa = PBXBuildFile; fileRef = 7B3EE7311417777F0098533E /* ViewController.m */; };
/* End PBXBuildFile section */

/* Begin PBXFileReference section */
		7B3EE7191417777F0098533E /* IB week 2.app */ = {isa = PBXFileReference; explicitFileType = wrapper.application; includeInIndex = 0; path = "IB week 2.app"; sourceTree = BUILT_PRODUCTS_DIR; };
		7B3EE71D1417777F0098533E /* UIKit.framework */ = {isa = PBXFileReference; lastKnownFileType = wrapper.framework; name = UIKit.framework; path = System/Library/Frameworks/UIKit.framework; sourceTree = SDKROOT; };
		7B3EE71F1417777F0098533E /* Foundation.framework */ = {isa = PBXFileReference; lastKnownFileType = wrapper.framework; name = Foundation.framework; path = System/Library/Frameworks/Foundation.framework; sourceTree = SDKROOT; };
		7B3EE7231417777F0098533E /* IB week 2-Info.plist */ = {isa = PBXFileReference; lastKnownFileType = text.plist.xml; path = "IB week 2-Info.plist"; sourceTree = "<group>"; };
		7B3EE7251417777F0098533E /* en */ = {isa = PBXFileReference; lastKnownFileType = text.plist.strings; name = en; path = en.lproj/InfoPlist.strings; sourceTree = "<group>"; };
		7B3EE7271417777F0098533E /* main.m */ = {isa = PBXFileReference; lastKnownFileType = sourcecode.c.objc; path = main.m; sourceTree = "<group>"; };
		7B3EE7291417777F0098533E /* IB week 2-Prefix.pch */ = {isa = PBXFileReference; lastKnownFileType = sourcecode.c.h; path = "IB week 2-Prefix.pch"; sourceTree = "<group>"; };
		7B3EE72A1417777F0098533E /* AppDelegate.h */ = {isa = PBXFileReference; lastKnownFileType = sourcecode.c.h; path = AppDelegate.h; sourceTree = "<group>"; };
		7B3EE72B1417777F0098533E /* AppDelegate.m */ = {isa = PBXFileReference; lastKnownFileType = sourcecode.c.objc; path = AppDelegate.m; sourceTree = "<group>"; };
		7B3EE72E1417777F0098533E /* en */ = {isa = PBXFileReference; lastKnownFileType = file.storyboard; name = en; path = en.lproj/MainStoryboard.storyboard; sourceTree = "<group>"; };
		7B3EE7301417777F0098533E /* ViewController.h */ = {isa = PBXFileReference; lastKnownFileType = sourcecode.c.h; path = ViewController.h; sourceTree = "<group>"; };
		7B3EE7311417777F0098533E /* ViewController.m */ = {isa = PBXFileReference; lastKnownFileType = sourcecode.c.objc; path = ViewController.m; sourceTree = "<group>"; };
/* End PBXFileReference section */

/* Begin PBXFrameworksBuildPhase section */
		7B3EE7161417777F0098533E /* Frameworks */ = {
			isa = PBXFrameworksBuildPhase;
			buildActionMask = 2147483647;
			files = (
				7B3EE71E1417777F0098533E /* UIKit.framework in Frameworks */,
				7B3EE7201417777F0098533E /* Foundation.framework in Frameworks */,
			);
			runOnlyForDeploymentPostprocessing = 0;
		};
/* End PBXFrameworksBuildPhase section */

/* Begin PBXGroup section */
		7B3EE70E1417777F0098533E = {
			isa = PBXGroup;
			children = (
				7B3EE7211417777F0098533E /* IB week 2 */,
				7B3EE71C1417777F0098533E /* Frameworks */,
				7B3EE71A1417777F0098533E /* Products */,
			);
			sourceTree = "<group>";
		};
		7B3EE71A1417777F0098533E /* Products */ = {
			isa = PBXGroup;
			children = (
				7B3EE7191417777F0098533E /* IB week 2.app */,
			);
			name = Products;
			sourceTree = "<group>";
		};
		7B3EE71C1417777F0098533E /* Frameworks */ = {
			isa = PBXGroup;
			children = (
				7B3EE71D1417777F0098533E /* UIKit.framework */,
				7B3EE71F1417777F0098533E /* Foundation.framework */,
			);
			name = Frameworks;
			sourceTree = "<group>";
		};
		7B3EE7211417777F0098533E /* IB week 2 */ = {
			isa = PBXGroup;
			children = (
				7B3EE72A1417777F0098533E /* AppDelegate.h */,
				7B3EE72B1417777F0098533E /* AppDelegate.m */,
				7B3EE72D1417777F0098533E /* MainStoryboard.storyboard */,
				7B3EE7301417777F0098533E /* ViewController.h */,
				7B3EE7311417777F0098533E /* ViewController.m */,
				7B3EE7221417777F0098533E /* Supporting Files */,
			);
			path = "IB week 2";
			sourceTree = "<group>";
		};
		7B3EE7221417777F0098533E /* Supporting Files */ = {
			isa = PBXGroup;
			children = (
				7B3EE7231417777F0098533E /* IB week 2-Info.plist */,
				7B3EE7241417777F0098533E /* InfoPlist.strings */,
				7B3EE7271417777F0098533E /* main.m */,
				7B3EE7291417777F0098533E /* IB week 2-Prefix.pch */,
			);
			name = "Supporting Files";
			sourceTree = "<group>";
		};
/* End PBXGroup section */

/* Begin PBXNativeTarget section */
		7B3EE7181417777F0098533E /* IB week 2 */ = {
			isa = PBXNativeTarget;
			buildConfigurationList = 7B3EE7351417777F0098533E /* Build configuration list for PBXNativeTarget "IB week 2" */;
			buildPhases = (
				7B3EE7151417777F0098533E /* Sources */,
				7B3EE7161417777F0098533E /* Frameworks */,
				7B3EE7171417777F0098533E /* Resources */,
			);
			buildRules = (
			);
			dependencies = (
			);
			name = "IB week 2";
			productName = "IB week 2";
			productReference = 7B3EE7191417777F0098533E /* IB week 2.app */;
			productType = "com.apple.product-type.application";
		};
/* End PBXNativeTarget section */

/* Begin PBXProject section */
		7B3EE7101417777F0098533E /* Project object */ = {
			isa = PBXProject;
			attributes = {
				LastUpgradeCheck = 0420;
				ORGANIZATIONNAME = "-";
			};
			buildConfigurationList = 7B3EE7131417777F0098533E /* Build configuration list for PBXProject "IB week 2" */;
			compatibilityVersion = "Xcode 3.2";
			developmentRegion = English;
			hasScannedForEncodings = 0;
			knownRegions = (
				en,
			);
			mainGroup = 7B3EE70E1417777F0098533E;
			productRefGroup = 7B3EE71A1417777F0098533E /* Products */;
			projectDirPath = "";
			projectRoot = "";
			targets = (
				7B3EE7181417777F0098533E /* IB week 2 */,
			);
		};
/* End PBXProject section */

/* Begin PBXResourcesBuildPhase section */
		7B3EE7171417777F0098533E /* Resources */ = {
			isa = PBXResourcesBuildPhase;
			buildActionMask = 2147483647;
			files = (
				7B3EE7261417777F0098533E /* InfoPlist.strings in Resources */,
				7B3EE72F1417777F0098533E /* MainStoryboard.storyboard in Resources */,
			);
			runOnlyForDeploymentPostprocessing = 0;
		};
/* End PBXResourcesBuildPhase section */

/* Begin PBXSourcesBuildPhase section */
		7B3EE7151417777F0098533E /* Sources */ = {
			isa = PBXSourcesBuildPhase;
			buildActionMask = 2147483647;
			files = (
				7B3EE7281417777F0098533E /* main.m in Sources */,
				7B3EE72C1417777F0098533E /* AppDelegate.m in Sources */,
				7B3EE7321417777F0098533E /* ViewController.m in Sources */,
			);
			runOnlyForDeploymentPostprocessing = 0;
		};
/* End PBXSourcesBuildPhase section */

/* Begin PBXVariantGroup section */
		7B3EE7241417777F0098533E /* InfoPlist.strings */ = {
			isa = PBXVariantGroup;
			children = (
				7B3EE7251417777F0098533E /* en */,
			);
			name = InfoPlist.strings;
			sourceTree = "<group>";
		};
		7B3EE72D1417777F0098533E /* MainStoryboard.storyboard */ = {
			isa = PBXVariantGroup;
			children = (
				7B3EE72E1417777F0098533E /* en */,
			);
			name = MainStoryboard.storyboard;
			sourceTree = "<group>";
		};
/* End PBXVariantGroup section */

/* Begin XCBuildConfiguration section */
		7B3EE7331417777F0098533E /* Debug */ = {
			isa = XCBuildConfiguration;
			buildSettings = {
				ALWAYS_SEARCH_USER_PATHS = NO;
				ARCHS = "$(ARCHS_STANDARD_32_BIT)";
				CLANG_ENABLE_OBJC_ARC = YES;
				"CODE_SIGN_IDENTITY[sdk=iphoneos*]" = "iPhone Developer";
				COPY_PHASE_STRIP = NO;
				GCC_C_LANGUAGE_STANDARD = gnu99;
				GCC_DYNAMIC_NO_PIC = NO;
				GCC_OPTIMIZATION_LEVEL = 0;
				GCC_PREPROCESSOR_DEFINITIONS = (
					"DEBUG=1",
					"$(inherited)",
				);
				GCC_SYMBOLS_PRIVATE_EXTERN = NO;
				GCC_VERSION = com.apple.compilers.llvm.clang.1_0;
				GCC_WARN_ABOUT_MISSING_PROTOTYPES = YES;
				GCC_WARN_ABOUT_RETURN_TYPE = YES;
				GCC_WARN_UNUSED_VARIABLE = YES;
				IPHONEOS_DEPLOYMENT_TARGET = 5.0;
				SDKROOT = iphoneos;
			};
			name = Debug;
		};
		7B3EE7341417777F0098533E /* Release */ = {
			isa = XCBuildConfiguration;
			buildSettings = {
				ALWAYS_SEARCH_USER_PATHS = NO;
				ARCHS = "$(ARCHS_STANDARD_32_BIT)";
				CLANG_ENABLE_OBJC_ARC = YES;
				"CODE_SIGN_IDENTITY[sdk=iphoneos*]" = "iPhone Developer";
				COPY_PHASE_STRIP = YES;
				GCC_C_LANGUAGE_STANDARD = gnu99;
				GCC_VERSION = com.apple.compilers.llvm.clang.1_0;
				GCC_WARN_ABOUT_MISSING_PROTOTYPES = YES;
				GCC_WARN_ABOUT_RETURN_TYPE = YES;
				GCC_WARN_UNUSED_VARIABLE = YES;
				IPHONEOS_DEPLOYMENT_TARGET = 5.0;
				OTHER_CFLAGS = "-DNS_BLOCK_ASSERTIONS=1";
				SDKROOT = iphoneos;
				VALIDATE_PRODUCT = YES;
			};
			name = Release;
		};
		7B3EE7361417777F0098533E /* Debug */ = {
			isa = XCBuildConfiguration;
			buildSettings = {
				GCC_PRECOMPILE_PREFIX_HEADER = YES;
				GCC_PREFIX_HEADER = "IB week 2/IB week 2-Prefix.pch";
				INFOPLIST_FILE = "IB week 2/IB week 2-Info.plist";
				PRODUCT_NAME = "$(TARGET_NAME)";
				WRAPPER_EXTENSION = app;
			};
			name = Debug;
		};
		7B3EE7371417777F0098533E /* Release */ = {
			isa = XCBuildConfiguration;
			buildSettings = {
				GCC_PRECOMPILE_PREFIX_HEADER = YES;
				GCC_PREFIX_HEADER = "IB week 2/IB week 2-Prefix.pch";
				INFOPLIST_FILE = "IB week 2/IB week 2-Info.plist";
				PRODUCT_NAME = "$(TARGET_NAME)";
				WRAPPER_EXTENSION = app;
			};
			name = Release;
		};
/* End XCBuildConfiguration section */

/* Begin XCConfigurationList section */
		7B3EE7131417777F0098533E /* Build configuration list for PBXProject "IB week 2" */ = {
			isa = XCConfigurationList;
			buildConfigurations = (
				7B3EE7331417777F0098533E /* Debug */,
				7B3EE7341417777F0098533E /* Release */,
			);
			defaultConfigurationIsVisible = 0;
			defaultConfigurationName = Release;
		};
		7B3EE7351417777F0098533E /* Build configuration list for PBXNativeTarget "IB week 2" */ = {
			isa = XCConfigurationList;
			buildConfigurations = (
				7B3EE7361417777F0098533E /* Debug */,
				7B3EE7371417777F0098533E /* Release */,
			);
			defaultConfigurationIsVisible = 0;
		};
/* End XCConfigurationList section */
	};
	rootObject = 7B3EE7101417777F0098533E /* Project object */;
}
