// !$*UTF8*$!
{
	archiveVersion = 1;
	classes = {
	};
	objectVersion = 46;
	objects = {

/* Begin PBXBuildFile section */
		C6C7F68E14176DE8003DAF04 /* UIKit.framework in Frameworks */ = {isa = PBXBuildFile; fileRef = C6C7F68D14176DE8003DAF04 /* UIKit.framework */; };
		C6C7F69014176DE8003DAF04 /* Foundation.framework in Frameworks */ = {isa = PBXBuildFile; fileRef = C6C7F68F14176DE8003DAF04 /* Foundation.framework */; };
		C6C7F69214176DE8003DAF04 /* CoreGraphics.framework in Frameworks */ = {isa = PBXBuildFile; fileRef = C6C7F69114176DE8003DAF04 /* CoreGraphics.framework */; };
		C6C7F69814176DE8003DAF04 /* InfoPlist.strings in Resources */ = {isa = PBXBuildFile; fileRef = C6C7F69614176DE8003DAF04 /* InfoPlist.strings */; };
		C6C7F69A14176DE8003DAF04 /* main.m in Sources */ = {isa = PBXBuildFile; fileRef = C6C7F69914176DE8003DAF04 /* main.m */; };
		C6C7F69E14176DE8003DAF04 /* AppDelegate.m in Sources */ = {isa = PBXBuildFile; fileRef = C6C7F69D14176DE8003DAF04 /* AppDelegate.m */; };
		C6C7F6A514176E0A003DAF04 /* MainWindow.xib in Resources */ = {isa = PBXBuildFile; fileRef = C6C7F6A414176E0A003DAF04 /* MainWindow.xib */; };
/* End PBXBuildFile section */

/* Begin PBXFileReference section */
		C6C7F68914176DE8003DAF04 /* Hello World.app */ = {isa = PBXFileReference; explicitFileType = wrapper.application; includeInIndex = 0; path = "Hello World.app"; sourceTree = BUILT_PRODUCTS_DIR; };
		C6C7F68D14176DE8003DAF04 /* UIKit.framework */ = {isa = PBXFileReference; lastKnownFileType = wrapper.framework; name = UIKit.framework; path = System/Library/Frameworks/UIKit.framework; sourceTree = SDKROOT; };
		C6C7F68F14176DE8003DAF04 /* Foundation.framework */ = {isa = PBXFileReference; lastKnownFileType = wrapper.framework; name = Foundation.framework; path = System/Library/Frameworks/Foundation.framework; sourceTree = SDKROOT; };
		C6C7F69114176DE8003DAF04 /* CoreGraphics.framework */ = {isa = PBXFileReference; lastKnownFileType = wrapper.framework; name = CoreGraphics.framework; path = System/Library/Frameworks/CoreGraphics.framework; sourceTree = SDKROOT; };
		C6C7F69514176DE8003DAF04 /* Hello World-Info.plist */ = {isa = PBXFileReference; lastKnownFileType = text.plist.xml; path = "Hello World-Info.plist"; sourceTree = "<group>"; };
		C6C7F69714176DE8003DAF04 /* en */ = {isa = PBXFileReference; lastKnownFileType = text.plist.strings; name = en; path = en.lproj/InfoPlist.strings; sourceTree = "<group>"; };
		C6C7F69914176DE8003DAF04 /* main.m */ = {isa = PBXFileReference; lastKnownFileType = sourcecode.c.objc; path = main.m; sourceTree = "<group>"; };
		C6C7F69B14176DE8003DAF04 /* Hello World-Prefix.pch */ = {isa = PBXFileReference; lastKnownFileType = sourcecode.c.h; path = "Hello World-Prefix.pch"; sourceTree = "<group>"; };
		C6C7F69C14176DE8003DAF04 /* AppDelegate.h */ = {isa = PBXFileReference; lastKnownFileType = sourcecode.c.h; path = AppDelegate.h; sourceTree = "<group>"; };
		C6C7F69D14176DE8003DAF04 /* AppDelegate.m */ = {isa = PBXFileReference; lastKnownFileType = sourcecode.c.objc; path = AppDelegate.m; sourceTree = "<group>"; };
		C6C7F6A414176E0A003DAF04 /* MainWindow.xib */ = {isa = PBXFileReference; fileEncoding = 4; lastKnownFileType = file.xib; path = MainWindow.xib; sourceTree = "<group>"; };
/* End PBXFileReference section */

/* Begin PBXFrameworksBuildPhase section */
		C6C7F68614176DE8003DAF04 /* Frameworks */ = {
			isa = PBXFrameworksBuildPhase;
			buildActionMask = 2147483647;
			files = (
				C6C7F68E14176DE8003DAF04 /* UIKit.framework in Frameworks */,
				C6C7F69014176DE8003DAF04 /* Foundation.framework in Frameworks */,
				C6C7F69214176DE8003DAF04 /* CoreGraphics.framework in Frameworks */,
			);
			runOnlyForDeploymentPostprocessing = 0;
		};
/* End PBXFrameworksBuildPhase section */

/* Begin PBXGroup section */
		C6C7F67E14176DE8003DAF04 = {
			isa = PBXGroup;
			children = (
				C6C7F69314176DE8003DAF04 /* Hello World */,
				C6C7F68C14176DE8003DAF04 /* Frameworks */,
				C6C7F68A14176DE8003DAF04 /* Products */,
			);
			sourceTree = "<group>";
		};
		C6C7F68A14176DE8003DAF04 /* Products */ = {
			isa = PBXGroup;
			children = (
				C6C7F68914176DE8003DAF04 /* Hello World.app */,
			);
			name = Products;
			sourceTree = "<group>";
		};
		C6C7F68C14176DE8003DAF04 /* Frameworks */ = {
			isa = PBXGroup;
			children = (
				C6C7F68D14176DE8003DAF04 /* UIKit.framework */,
				C6C7F68F14176DE8003DAF04 /* Foundation.framework */,
				C6C7F69114176DE8003DAF04 /* CoreGraphics.framework */,
			);
			name = Frameworks;
			sourceTree = "<group>";
		};
		C6C7F69314176DE8003DAF04 /* Hello World */ = {
			isa = PBXGroup;
			children = (
				C6C7F69C14176DE8003DAF04 /* AppDelegate.h */,
				C6C7F69D14176DE8003DAF04 /* AppDelegate.m */,
				C6C7F69414176DE8003DAF04 /* Supporting Files */,
				C6C7F6A414176E0A003DAF04 /* MainWindow.xib */,
			);
			path = "Hello World";
			sourceTree = "<group>";
		};
		C6C7F69414176DE8003DAF04 /* Supporting Files */ = {
			isa = PBXGroup;
			children = (
				C6C7F69514176DE8003DAF04 /* Hello World-Info.plist */,
				C6C7F69614176DE8003DAF04 /* InfoPlist.strings */,
				C6C7F69914176DE8003DAF04 /* main.m */,
				C6C7F69B14176DE8003DAF04 /* Hello World-Prefix.pch */,
			);
			name = "Supporting Files";
			sourceTree = "<group>";
		};
/* End PBXGroup section */

/* Begin PBXNativeTarget section */
		C6C7F68814176DE8003DAF04 /* Hello World */ = {
			isa = PBXNativeTarget;
			buildConfigurationList = C6C7F6A114176DE8003DAF04 /* Build configuration list for PBXNativeTarget "Hello World" */;
			buildPhases = (
				C6C7F68514176DE8003DAF04 /* Sources */,
				C6C7F68614176DE8003DAF04 /* Frameworks */,
				C6C7F68714176DE8003DAF04 /* Resources */,
			);
			buildRules = (
			);
			dependencies = (
			);
			name = "Hello World";
			productName = "Hello World";
			productReference = C6C7F68914176DE8003DAF04 /* Hello World.app */;
			productType = "com.apple.product-type.application";
		};
/* End PBXNativeTarget section */

/* Begin PBXProject section */
		C6C7F68014176DE8003DAF04 /* Project object */ = {
			isa = PBXProject;
			attributes = {
				LastUpgradeCheck = 0420;
				ORGANIZATIONNAME = "Fontys Hogeschool ICT";
			};
			buildConfigurationList = C6C7F68314176DE8003DAF04 /* Build configuration list for PBXProject "Hello World" */;
			compatibilityVersion = "Xcode 3.2";
			developmentRegion = English;
			hasScannedForEncodings = 0;
			knownRegions = (
				en,
			);
			mainGroup = C6C7F67E14176DE8003DAF04;
			productRefGroup = C6C7F68A14176DE8003DAF04 /* Products */;
			projectDirPath = "";
			projectRoot = "";
			targets = (
				C6C7F68814176DE8003DAF04 /* Hello World */,
			);
		};
/* End PBXProject section */

/* Begin PBXResourcesBuildPhase section */
		C6C7F68714176DE8003DAF04 /* Resources */ = {
			isa = PBXResourcesBuildPhase;
			buildActionMask = 2147483647;
			files = (
				C6C7F69814176DE8003DAF04 /* InfoPlist.strings in Resources */,
				C6C7F6A514176E0A003DAF04 /* MainWindow.xib in Resources */,
			);
			runOnlyForDeploymentPostprocessing = 0;
		};
/* End PBXResourcesBuildPhase section */

/* Begin PBXSourcesBuildPhase section */
		C6C7F68514176DE8003DAF04 /* Sources */ = {
			isa = PBXSourcesBuildPhase;
			buildActionMask = 2147483647;
			files = (
				C6C7F69A14176DE8003DAF04 /* main.m in Sources */,
				C6C7F69E14176DE8003DAF04 /* AppDelegate.m in Sources */,
			);
			runOnlyForDeploymentPostprocessing = 0;
		};
/* End PBXSourcesBuildPhase section */

/* Begin PBXVariantGroup section */
		C6C7F69614176DE8003DAF04 /* InfoPlist.strings */ = {
			isa = PBXVariantGroup;
			children = (
				C6C7F69714176DE8003DAF04 /* en */,
			);
			name = InfoPlist.strings;
			sourceTree = "<group>";
		};
/* End PBXVariantGroup section */

/* Begin XCBuildConfiguration section */
		C6C7F69F14176DE8003DAF04 /* Debug */ = {
			isa = XCBuildConfiguration;
			buildSettings = {
				ALWAYS_SEARCH_USER_PATHS = NO;
				ARCHS = "$(ARCHS_STANDARD_32_BIT)";
				CLANG_ENABLE_OBJC_ARC = YES;
				"CODE_SIGN_IDENTITY[sdk=iphoneos*]" = "iPhone Developer";
				COPY_PHASE_STRIP = NO;
				GCC_C_LANGUAGE_STANDARD = gnu99;
				GCC_DYNAMIC_NO_PIC = NO;
				GCC_OPTIMIZATION_LEVEL = 0;
				GCC_PREPROCESSOR_DEFINITIONS = (
					"DEBUG=1",
					"$(inherited)",
				);
				GCC_SYMBOLS_PRIVATE_EXTERN = NO;
				GCC_VERSION = com.apple.compilers.llvm.clang.1_0;
				GCC_WARN_ABOUT_MISSING_PROTOTYPES = YES;
				GCC_WARN_ABOUT_RETURN_TYPE = YES;
				GCC_WARN_UNUSED_VARIABLE = YES;
				IPHONEOS_DEPLOYMENT_TARGET = 5.0;
				SDKROOT = iphoneos;
				TARGETED_DEVICE_FAMILY = "1,2";
			};
			name = Debug;
		};
		C6C7F6A014176DE8003DAF04 /* Release */ = {
			isa = XCBuildConfiguration;
			buildSettings = {
				ALWAYS_SEARCH_USER_PATHS = NO;
				ARCHS = "$(ARCHS_STANDARD_32_BIT)";
				CLANG_ENABLE_OBJC_ARC = YES;
				"CODE_SIGN_IDENTITY[sdk=iphoneos*]" = "iPhone Developer";
				COPY_PHASE_STRIP = YES;
				GCC_C_LANGUAGE_STANDARD = gnu99;
				GCC_VERSION = com.apple.compilers.llvm.clang.1_0;
				GCC_WARN_ABOUT_MISSING_PROTOTYPES = YES;
				GCC_WARN_ABOUT_RETURN_TYPE = YES;
				GCC_WARN_UNUSED_VARIABLE = YES;
				IPHONEOS_DEPLOYMENT_TARGET = 5.0;
				OTHER_CFLAGS = "-DNS_BLOCK_ASSERTIONS=1";
				SDKROOT = iphoneos;
				TARGETED_DEVICE_FAMILY = "1,2";
				VALIDATE_PRODUCT = YES;
			};
			name = Release;
		};
		C6C7F6A214176DE8003DAF04 /* Debug */ = {
			isa = XCBuildConfiguration;
			buildSettings = {
				GCC_PRECOMPILE_PREFIX_HEADER = YES;
				GCC_PREFIX_HEADER = "Hello World/Hello World-Prefix.pch";
				INFOPLIST_FILE = "Hello World/Hello World-Info.plist";
				PRODUCT_NAME = "$(TARGET_NAME)";
				WRAPPER_EXTENSION = app;
			};
			name = Debug;
		};
		C6C7F6A314176DE8003DAF04 /* Release */ = {
			isa = XCBuildConfiguration;
			buildSettings = {
				GCC_PRECOMPILE_PREFIX_HEADER = YES;
				GCC_PREFIX_HEADER = "Hello World/Hello World-Prefix.pch";
				INFOPLIST_FILE = "Hello World/Hello World-Info.plist";
				PRODUCT_NAME = "$(TARGET_NAME)";
				WRAPPER_EXTENSION = app;
			};
			name = Release;
		};
/* End XCBuildConfiguration section */

/* Begin XCConfigurationList section */
		C6C7F68314176DE8003DAF04 /* Build configuration list for PBXProject "Hello World" */ = {
			isa = XCConfigurationList;
			buildConfigurations = (
				C6C7F69F14176DE8003DAF04 /* Debug */,
				C6C7F6A014176DE8003DAF04 /* Release */,
			);
			defaultConfigurationIsVisible = 0;
			defaultConfigurationName = Release;
		};
		C6C7F6A114176DE8003DAF04 /* Build configuration list for PBXNativeTarget "Hello World" */ = {
			isa = XCConfigurationList;
			buildConfigurations = (
				C6C7F6A214176DE8003DAF04 /* Debug */,
				C6C7F6A314176DE8003DAF04 /* Release */,
			);
			defaultConfigurationIsVisible = 0;
		};
/* End XCConfigurationList section */
	};
	rootObject = C6C7F68014176DE8003DAF04 /* Project object */;
}
