// !$*UTF8*$!
{
	archiveVersion = 1;
	classes = {
	};
	objectVersion = 46;
	objects = {

/* Begin PBXBuildFile section */
		7B280558143C6381003F0B0D /* bestelling.png in Resources */ = {isa = PBXBuildFile; fileRef = 7B280556143C6381003F0B0D /* bestelling.png */; };
		7B280559143C6381003F0B0D /* bestelling@2x.png in Resources */ = {isa = PBXBuildFile; fileRef = 7B280557143C6381003F0B0D /* bestelling@2x.png */; };
		7B28055C143C650A003F0B0D /* bestellingtest2.png in Resources */ = {isa = PBXBuildFile; fileRef = 7B28055A143C650A003F0B0D /* bestellingtest2.png */; };
		7B28055D143C650A003F0B0D /* bestellingtest2@2x.png in Resources */ = {isa = PBXBuildFile; fileRef = 7B28055B143C650A003F0B0D /* bestellingtest2@2x.png */; };
		7B280560143C6839003F0B0D /* gear.png in Resources */ = {isa = PBXBuildFile; fileRef = 7B28055E143C6839003F0B0D /* gear.png */; };
		7B280561143C6839003F0B0D /* gear@2x.png in Resources */ = {isa = PBXBuildFile; fileRef = 7B28055F143C6839003F0B0D /* gear@2x.png */; };
		7B280564143C6FA3003F0B0D /* halen.png in Resources */ = {isa = PBXBuildFile; fileRef = 7B280562143C6FA3003F0B0D /* halen.png */; };
		7B280565143C6FA3003F0B0D /* halen@2x.png in Resources */ = {isa = PBXBuildFile; fileRef = 7B280563143C6FA3003F0B0D /* halen@2x.png */; };
		7B280567143C7452003F0B0D /* mandje.png in Resources */ = {isa = PBXBuildFile; fileRef = 7B280566143C7451003F0B0D /* mandje.png */; };
		7B280569143C7498003F0B0D /* mandje@2x.png in Resources */ = {isa = PBXBuildFile; fileRef = 7B280568143C7498003F0B0D /* mandje@2x.png */; };
		C6148A94143C9EC300928A3D /* AddOrderItemSelectionView.m in Sources */ = {isa = PBXBuildFile; fileRef = C6148A93143C9EC300928A3D /* AddOrderItemSelectionView.m */; };
		C62437FF1433421F00B9A7A6 /* OrderOverviewViewController.m in Sources */ = {isa = PBXBuildFile; fileRef = C62437FE1433421F00B9A7A6 /* OrderOverviewViewController.m */; };
		C62438021433428300B9A7A6 /* ShoppingListsOverviewViewController.m in Sources */ = {isa = PBXBuildFile; fileRef = C62438011433428300B9A7A6 /* ShoppingListsOverviewViewController.m */; };
		C62438061433512D00B9A7A6 /* Order.m in Sources */ = {isa = PBXBuildFile; fileRef = C62438051433512D00B9A7A6 /* Order.m */; };
		C625669B1445B7A5008DE470 /* Reachability.m in Sources */ = {isa = PBXBuildFile; fileRef = C625669A1445B7A5008DE470 /* Reachability.m */; settings = {COMPILER_FLAGS = "-fno-objc-arc"; }; };
		C63084341445BF660005063F /* MobileCoreServices.framework in Frameworks */ = {isa = PBXBuildFile; fileRef = C63084331445BF660005063F /* MobileCoreServices.framework */; };
		C63084371445BF7D0005063F /* SystemConfiguration.framework in Frameworks */ = {isa = PBXBuildFile; fileRef = C63084361445BF7D0005063F /* SystemConfiguration.framework */; };
		C64C69AC14458FD200091A3C /* ASIAuthenticationDialog.m in Sources */ = {isa = PBXBuildFile; fileRef = C64C699914458FD200091A3C /* ASIAuthenticationDialog.m */; settings = {COMPILER_FLAGS = "-fno-objc-arc"; }; };
		C64C69AD14458FD200091A3C /* ASIDataCompressor.m in Sources */ = {isa = PBXBuildFile; fileRef = C64C699C14458FD200091A3C /* ASIDataCompressor.m */; settings = {COMPILER_FLAGS = "-fno-objc-arc"; }; };
		C64C69AE14458FD200091A3C /* ASIDataDecompressor.m in Sources */ = {isa = PBXBuildFile; fileRef = C64C699E14458FD200091A3C /* ASIDataDecompressor.m */; settings = {COMPILER_FLAGS = "-fno-objc-arc"; }; };
		C64C69AF14458FD200091A3C /* ASIDownloadCache.m in Sources */ = {isa = PBXBuildFile; fileRef = C64C69A014458FD200091A3C /* ASIDownloadCache.m */; settings = {COMPILER_FLAGS = "-fno-objc-arc"; }; };
		C64C69B014458FD200091A3C /* ASIFormDataRequest.m in Sources */ = {isa = PBXBuildFile; fileRef = C64C69A214458FD200091A3C /* ASIFormDataRequest.m */; settings = {COMPILER_FLAGS = "-fno-objc-arc"; }; };
		C64C69B114458FD200091A3C /* ASIHTTPRequest.m in Sources */ = {isa = PBXBuildFile; fileRef = C64C69A414458FD200091A3C /* ASIHTTPRequest.m */; settings = {COMPILER_FLAGS = "-fno-objc-arc"; }; };
		C64C69B214458FD200091A3C /* ASIInputStream.m in Sources */ = {isa = PBXBuildFile; fileRef = C64C69A814458FD200091A3C /* ASIInputStream.m */; settings = {COMPILER_FLAGS = "-fno-objc-arc"; }; };
		C64C69B314458FD200091A3C /* ASINetworkQueue.m in Sources */ = {isa = PBXBuildFile; fileRef = C64C69AA14458FD200091A3C /* ASINetworkQueue.m */; settings = {COMPILER_FLAGS = "-fno-objc-arc"; }; };
		C64C69B514458FF700091A3C /* CFNetwork.framework in Frameworks */ = {isa = PBXBuildFile; fileRef = C64C69B414458FF700091A3C /* CFNetwork.framework */; };
		C64C69B71445901200091A3C /* libz.dylib in Frameworks */ = {isa = PBXBuildFile; fileRef = C64C69B61445901200091A3C /* libz.dylib */; };
		C6A8B49A142A0EBA00FB2942 /* UIKit.framework in Frameworks */ = {isa = PBXBuildFile; fileRef = C6A8B499142A0EBA00FB2942 /* UIKit.framework */; };
		C6A8B49C142A0EBA00FB2942 /* Foundation.framework in Frameworks */ = {isa = PBXBuildFile; fileRef = C6A8B49B142A0EBA00FB2942 /* Foundation.framework */; };
		C6A8B49E142A0EBA00FB2942 /* CoreGraphics.framework in Frameworks */ = {isa = PBXBuildFile; fileRef = C6A8B49D142A0EBA00FB2942 /* CoreGraphics.framework */; };
		C6A8B4A4142A0EBA00FB2942 /* InfoPlist.strings in Resources */ = {isa = PBXBuildFile; fileRef = C6A8B4A2142A0EBA00FB2942 /* InfoPlist.strings */; };
		C6A8B4A6142A0EBA00FB2942 /* main.m in Sources */ = {isa = PBXBuildFile; fileRef = C6A8B4A5142A0EBA00FB2942 /* main.m */; };
		C6A8B4AA142A0EBA00FB2942 /* AppDelegate.m in Sources */ = {isa = PBXBuildFile; fileRef = C6A8B4A9142A0EBA00FB2942 /* AppDelegate.m */; };
		C6A8B4AD142A0EBA00FB2942 /* MainStoryboard_iPhone.storyboard in Resources */ = {isa = PBXBuildFile; fileRef = C6A8B4AB142A0EBA00FB2942 /* MainStoryboard_iPhone.storyboard */; };
		C6A8B4B0142A0EBA00FB2942 /* MainStoryboard_iPad.storyboard in Resources */ = {isa = PBXBuildFile; fileRef = C6A8B4AE142A0EBA00FB2942 /* MainStoryboard_iPad.storyboard */; };
		C6A8B4B5142A0EBA00FB2942 /* first.png in Resources */ = {isa = PBXBuildFile; fileRef = C6A8B4B4142A0EBA00FB2942 /* first.png */; };
		C6A8B4B7142A0EBA00FB2942 /* first@2x.png in Resources */ = {isa = PBXBuildFile; fileRef = C6A8B4B6142A0EBA00FB2942 /* first@2x.png */; };
		C6A8B4BC142A0EBA00FB2942 /* second.png in Resources */ = {isa = PBXBuildFile; fileRef = C6A8B4BB142A0EBA00FB2942 /* second.png */; };
		C6A8B4BE142A0EBA00FB2942 /* second@2x.png in Resources */ = {isa = PBXBuildFile; fileRef = C6A8B4BD142A0EBA00FB2942 /* second@2x.png */; };
		C6E1E4321451944800AF96F9 /* appIconICanHas2-01.png in Resources */ = {isa = PBXBuildFile; fileRef = C6E1E4311451944800AF96F9 /* appIconICanHas2-01.png */; };
		C6E1E4351451944C00AF96F9 /* appIconICanHas-01.png in Resources */ = {isa = PBXBuildFile; fileRef = C6E1E4341451944C00AF96F9 /* appIconICanHas-01.png */; };
		C6E5D00E143C7269006412FF /* ShoppingList.m in Sources */ = {isa = PBXBuildFile; fileRef = C6E5D00D143C7269006412FF /* ShoppingList.m */; };
		C6E5D012143C824A006412FF /* OrderDetailsViewController.m in Sources */ = {isa = PBXBuildFile; fileRef = C6E5D011143C824A006412FF /* OrderDetailsViewController.m */; };
/* End PBXBuildFile section */

/* Begin PBXFileReference section */
		7B280556143C6381003F0B0D /* bestelling.png */ = {isa = PBXFileReference; lastKnownFileType = image.png; path = bestelling.png; sourceTree = "<group>"; };
		7B280557143C6381003F0B0D /* bestelling@2x.png */ = {isa = PBXFileReference; lastKnownFileType = image.png; path = "bestelling@2x.png"; sourceTree = "<group>"; };
		7B28055A143C650A003F0B0D /* bestellingtest2.png */ = {isa = PBXFileReference; lastKnownFileType = image.png; path = bestellingtest2.png; sourceTree = "<group>"; };
		7B28055B143C650A003F0B0D /* bestellingtest2@2x.png */ = {isa = PBXFileReference; lastKnownFileType = image.png; path = "bestellingtest2@2x.png"; sourceTree = "<group>"; };
		7B28055E143C6839003F0B0D /* gear.png */ = {isa = PBXFileReference; lastKnownFileType = image.png; path = gear.png; sourceTree = "<group>"; };
		7B28055F143C6839003F0B0D /* gear@2x.png */ = {isa = PBXFileReference; lastKnownFileType = image.png; path = "gear@2x.png"; sourceTree = "<group>"; };
		7B280562143C6FA3003F0B0D /* halen.png */ = {isa = PBXFileReference; lastKnownFileType = image.png; path = halen.png; sourceTree = "<group>"; };
		7B280563143C6FA3003F0B0D /* halen@2x.png */ = {isa = PBXFileReference; lastKnownFileType = image.png; path = "halen@2x.png"; sourceTree = "<group>"; };
		7B280566143C7451003F0B0D /* mandje.png */ = {isa = PBXFileReference; lastKnownFileType = image.png; path = mandje.png; sourceTree = "<group>"; };
		7B280568143C7498003F0B0D /* mandje@2x.png */ = {isa = PBXFileReference; lastKnownFileType = image.png; path = "mandje@2x.png"; sourceTree = "<group>"; };
		C6148A92143C9EC300928A3D /* AddOrderItemSelectionView.h */ = {isa = PBXFileReference; fileEncoding = 4; lastKnownFileType = sourcecode.c.h; path = AddOrderItemSelectionView.h; sourceTree = "<group>"; };
		C6148A93143C9EC300928A3D /* AddOrderItemSelectionView.m */ = {isa = PBXFileReference; fileEncoding = 4; lastKnownFileType = sourcecode.c.objc; path = AddOrderItemSelectionView.m; sourceTree = "<group>"; };
		C62437FD1433421F00B9A7A6 /* OrderOverviewViewController.h */ = {isa = PBXFileReference; fileEncoding = 4; lastKnownFileType = sourcecode.c.h; path = OrderOverviewViewController.h; sourceTree = "<group>"; };
		C62437FE1433421F00B9A7A6 /* OrderOverviewViewController.m */ = {isa = PBXFileReference; fileEncoding = 4; lastKnownFileType = sourcecode.c.objc; path = OrderOverviewViewController.m; sourceTree = "<group>"; };
		C62438001433428300B9A7A6 /* ShoppingListsOverviewViewController.h */ = {isa = PBXFileReference; fileEncoding = 4; lastKnownFileType = sourcecode.c.h; path = ShoppingListsOverviewViewController.h; sourceTree = "<group>"; };
		C62438011433428300B9A7A6 /* ShoppingListsOverviewViewController.m */ = {isa = PBXFileReference; fileEncoding = 4; lastKnownFileType = sourcecode.c.objc; path = ShoppingListsOverviewViewController.m; sourceTree = "<group>"; };
		C62438041433512D00B9A7A6 /* Order.h */ = {isa = PBXFileReference; fileEncoding = 4; lastKnownFileType = sourcecode.c.h; path = Order.h; sourceTree = "<group>"; };
		C62438051433512D00B9A7A6 /* Order.m */ = {isa = PBXFileReference; fileEncoding = 4; lastKnownFileType = sourcecode.c.objc; path = Order.m; sourceTree = "<group>"; };
		C62566991445B7A5008DE470 /* Reachability.h */ = {isa = PBXFileReference; fileEncoding = 4; lastKnownFileType = sourcecode.c.h; path = Reachability.h; sourceTree = "<group>"; };
		C625669A1445B7A5008DE470 /* Reachability.m */ = {isa = PBXFileReference; fileEncoding = 4; lastKnownFileType = sourcecode.c.objc; path = Reachability.m; sourceTree = "<group>"; };
		C63084331445BF660005063F /* MobileCoreServices.framework */ = {isa = PBXFileReference; lastKnownFileType = wrapper.framework; name = MobileCoreServices.framework; path = System/Library/Frameworks/MobileCoreServices.framework; sourceTree = SDKROOT; };
		C63084361445BF7D0005063F /* SystemConfiguration.framework */ = {isa = PBXFileReference; lastKnownFileType = wrapper.framework; name = SystemConfiguration.framework; path = System/Library/Frameworks/SystemConfiguration.framework; sourceTree = SDKROOT; };
		C64C699814458FD200091A3C /* ASIAuthenticationDialog.h */ = {isa = PBXFileReference; fileEncoding = 4; lastKnownFileType = sourcecode.c.h; path = ASIAuthenticationDialog.h; sourceTree = "<group>"; };
		C64C699914458FD200091A3C /* ASIAuthenticationDialog.m */ = {isa = PBXFileReference; fileEncoding = 4; lastKnownFileType = sourcecode.c.objc; path = ASIAuthenticationDialog.m; sourceTree = "<group>"; };
		C64C699A14458FD200091A3C /* ASICacheDelegate.h */ = {isa = PBXFileReference; fileEncoding = 4; lastKnownFileType = sourcecode.c.h; path = ASICacheDelegate.h; sourceTree = "<group>"; };
		C64C699B14458FD200091A3C /* ASIDataCompressor.h */ = {isa = PBXFileReference; fileEncoding = 4; lastKnownFileType = sourcecode.c.h; path = ASIDataCompressor.h; sourceTree = "<group>"; };
		C64C699C14458FD200091A3C /* ASIDataCompressor.m */ = {isa = PBXFileReference; fileEncoding = 4; lastKnownFileType = sourcecode.c.objc; path = ASIDataCompressor.m; sourceTree = "<group>"; };
		C64C699D14458FD200091A3C /* ASIDataDecompressor.h */ = {isa = PBXFileReference; fileEncoding = 4; lastKnownFileType = sourcecode.c.h; path = ASIDataDecompressor.h; sourceTree = "<group>"; };
		C64C699E14458FD200091A3C /* ASIDataDecompressor.m */ = {isa = PBXFileReference; fileEncoding = 4; lastKnownFileType = sourcecode.c.objc; path = ASIDataDecompressor.m; sourceTree = "<group>"; };
		C64C699F14458FD200091A3C /* ASIDownloadCache.h */ = {isa = PBXFileReference; fileEncoding = 4; lastKnownFileType = sourcecode.c.h; path = ASIDownloadCache.h; sourceTree = "<group>"; };
		C64C69A014458FD200091A3C /* ASIDownloadCache.m */ = {isa = PBXFileReference; fileEncoding = 4; lastKnownFileType = sourcecode.c.objc; path = ASIDownloadCache.m; sourceTree = "<group>"; };
		C64C69A114458FD200091A3C /* ASIFormDataRequest.h */ = {isa = PBXFileReference; fileEncoding = 4; lastKnownFileType = sourcecode.c.h; path = ASIFormDataRequest.h; sourceTree = "<group>"; };
		C64C69A214458FD200091A3C /* ASIFormDataRequest.m */ = {isa = PBXFileReference; fileEncoding = 4; lastKnownFileType = sourcecode.c.objc; path = ASIFormDataRequest.m; sourceTree = "<group>"; };
		C64C69A314458FD200091A3C /* ASIHTTPRequest.h */ = {isa = PBXFileReference; fileEncoding = 4; lastKnownFileType = sourcecode.c.h; path = ASIHTTPRequest.h; sourceTree = "<group>"; };
		C64C69A414458FD200091A3C /* ASIHTTPRequest.m */ = {isa = PBXFileReference; fileEncoding = 4; lastKnownFileType = sourcecode.c.objc; path = ASIHTTPRequest.m; sourceTree = "<group>"; };
		C64C69A514458FD200091A3C /* ASIHTTPRequestConfig.h */ = {isa = PBXFileReference; fileEncoding = 4; lastKnownFileType = sourcecode.c.h; path = ASIHTTPRequestConfig.h; sourceTree = "<group>"; };
		C64C69A614458FD200091A3C /* ASIHTTPRequestDelegate.h */ = {isa = PBXFileReference; fileEncoding = 4; lastKnownFileType = sourcecode.c.h; path = ASIHTTPRequestDelegate.h; sourceTree = "<group>"; };
		C64C69A714458FD200091A3C /* ASIInputStream.h */ = {isa = PBXFileReference; fileEncoding = 4; lastKnownFileType = sourcecode.c.h; path = ASIInputStream.h; sourceTree = "<group>"; };
		C64C69A814458FD200091A3C /* ASIInputStream.m */ = {isa = PBXFileReference; fileEncoding = 4; lastKnownFileType = sourcecode.c.objc; path = ASIInputStream.m; sourceTree = "<group>"; };
		C64C69A914458FD200091A3C /* ASINetworkQueue.h */ = {isa = PBXFileReference; fileEncoding = 4; lastKnownFileType = sourcecode.c.h; path = ASINetworkQueue.h; sourceTree = "<group>"; };
		C64C69AA14458FD200091A3C /* ASINetworkQueue.m */ = {isa = PBXFileReference; fileEncoding = 4; lastKnownFileType = sourcecode.c.objc; path = ASINetworkQueue.m; sourceTree = "<group>"; };
		C64C69AB14458FD200091A3C /* ASIProgressDelegate.h */ = {isa = PBXFileReference; fileEncoding = 4; lastKnownFileType = sourcecode.c.h; path = ASIProgressDelegate.h; sourceTree = "<group>"; };
		C64C69B414458FF700091A3C /* CFNetwork.framework */ = {isa = PBXFileReference; lastKnownFileType = wrapper.framework; name = CFNetwork.framework; path = System/Library/Frameworks/CFNetwork.framework; sourceTree = SDKROOT; };
		C64C69B61445901200091A3C /* libz.dylib */ = {isa = PBXFileReference; lastKnownFileType = "compiled.mach-o.dylib"; name = libz.dylib; path = usr/lib/libz.dylib; sourceTree = SDKROOT; };
		C6A8B495142A0EBA00FB2942 /* iCanHasFoodPlz.app */ = {isa = PBXFileReference; explicitFileType = wrapper.application; includeInIndex = 0; path = iCanHasFoodPlz.app; sourceTree = BUILT_PRODUCTS_DIR; };
		C6A8B499142A0EBA00FB2942 /* UIKit.framework */ = {isa = PBXFileReference; lastKnownFileType = wrapper.framework; name = UIKit.framework; path = System/Library/Frameworks/UIKit.framework; sourceTree = SDKROOT; };
		C6A8B49B142A0EBA00FB2942 /* Foundation.framework */ = {isa = PBXFileReference; lastKnownFileType = wrapper.framework; name = Foundation.framework; path = System/Library/Frameworks/Foundation.framework; sourceTree = SDKROOT; };
		C6A8B49D142A0EBA00FB2942 /* CoreGraphics.framework */ = {isa = PBXFileReference; lastKnownFileType = wrapper.framework; name = CoreGraphics.framework; path = System/Library/Frameworks/CoreGraphics.framework; sourceTree = SDKROOT; };
		C6A8B4A1142A0EBA00FB2942 /* iCanHasFoodPlz-Info.plist */ = {isa = PBXFileReference; lastKnownFileType = text.plist.xml; path = "iCanHasFoodPlz-Info.plist"; sourceTree = "<group>"; };
		C6A8B4A3142A0EBA00FB2942 /* en */ = {isa = PBXFileReference; lastKnownFileType = text.plist.strings; name = en; path = en.lproj/InfoPlist.strings; sourceTree = "<group>"; };
		C6A8B4A5142A0EBA00FB2942 /* main.m */ = {isa = PBXFileReference; lastKnownFileType = sourcecode.c.objc; path = main.m; sourceTree = "<group>"; };
		C6A8B4A7142A0EBA00FB2942 /* iCanHasFoodPlz-Prefix.pch */ = {isa = PBXFileReference; lastKnownFileType = sourcecode.c.h; path = "iCanHasFoodPlz-Prefix.pch"; sourceTree = "<group>"; };
		C6A8B4A8142A0EBA00FB2942 /* AppDelegate.h */ = {isa = PBXFileReference; lastKnownFileType = sourcecode.c.h; path = AppDelegate.h; sourceTree = "<group>"; };
		C6A8B4A9142A0EBA00FB2942 /* AppDelegate.m */ = {isa = PBXFileReference; lastKnownFileType = sourcecode.c.objc; path = AppDelegate.m; sourceTree = "<group>"; };
		C6A8B4AC142A0EBA00FB2942 /* en */ = {isa = PBXFileReference; lastKnownFileType = file.storyboard; name = en; path = en.lproj/MainStoryboard_iPhone.storyboard; sourceTree = "<group>"; };
		C6A8B4AF142A0EBA00FB2942 /* en */ = {isa = PBXFileReference; lastKnownFileType = file.storyboard; name = en; path = en.lproj/MainStoryboard_iPad.storyboard; sourceTree = "<group>"; };
		C6A8B4B4142A0EBA00FB2942 /* first.png */ = {isa = PBXFileReference; lastKnownFileType = image.png; path = first.png; sourceTree = "<group>"; };
		C6A8B4B6142A0EBA00FB2942 /* first@2x.png */ = {isa = PBXFileReference; lastKnownFileType = image.png; path = "first@2x.png"; sourceTree = "<group>"; };
		C6A8B4BB142A0EBA00FB2942 /* second.png */ = {isa = PBXFileReference; lastKnownFileType = image.png; path = second.png; sourceTree = "<group>"; };
		C6A8B4BD142A0EBA00FB2942 /* second@2x.png */ = {isa = PBXFileReference; lastKnownFileType = image.png; path = "second@2x.png"; sourceTree = "<group>"; };
		C6E1E4311451944800AF96F9 /* appIconICanHas2-01.png */ = {isa = PBXFileReference; lastKnownFileType = image.png; path = "appIconICanHas2-01.png"; sourceTree = "<group>"; };
		C6E1E4341451944C00AF96F9 /* appIconICanHas-01.png */ = {isa = PBXFileReference; lastKnownFileType = image.png; path = "appIconICanHas-01.png"; sourceTree = "<group>"; };
		C6E5D00C143C7269006412FF /* ShoppingList.h */ = {isa = PBXFileReference; fileEncoding = 4; lastKnownFileType = sourcecode.c.h; path = ShoppingList.h; sourceTree = "<group>"; };
		C6E5D00D143C7269006412FF /* ShoppingList.m */ = {isa = PBXFileReference; fileEncoding = 4; lastKnownFileType = sourcecode.c.objc; path = ShoppingList.m; sourceTree = "<group>"; };
		C6E5D010143C824A006412FF /* OrderDetailsViewController.h */ = {isa = PBXFileReference; fileEncoding = 4; lastKnownFileType = sourcecode.c.h; path = OrderDetailsViewController.h; sourceTree = "<group>"; };
		C6E5D011143C824A006412FF /* OrderDetailsViewController.m */ = {isa = PBXFileReference; fileEncoding = 4; lastKnownFileType = sourcecode.c.objc; path = OrderDetailsViewController.m; sourceTree = "<group>"; };
/* End PBXFileReference section */

/* Begin PBXFrameworksBuildPhase section */
		C6A8B492142A0EBA00FB2942 /* Frameworks */ = {
			isa = PBXFrameworksBuildPhase;
			buildActionMask = 2147483647;
			files = (
				C63084371445BF7D0005063F /* SystemConfiguration.framework in Frameworks */,
				C63084341445BF660005063F /* MobileCoreServices.framework in Frameworks */,
				C64C69B71445901200091A3C /* libz.dylib in Frameworks */,
				C64C69B514458FF700091A3C /* CFNetwork.framework in Frameworks */,
				C6A8B49A142A0EBA00FB2942 /* UIKit.framework in Frameworks */,
				C6A8B49C142A0EBA00FB2942 /* Foundation.framework in Frameworks */,
				C6A8B49E142A0EBA00FB2942 /* CoreGraphics.framework in Frameworks */,
			);
			runOnlyForDeploymentPostprocessing = 0;
		};
/* End PBXFrameworksBuildPhase section */

/* Begin PBXGroup section */
		7B280551143C5F7C003F0B0D /* images */ = {
			isa = PBXGroup;
			children = (
				7B280568143C7498003F0B0D /* mandje@2x.png */,
				7B280566143C7451003F0B0D /* mandje.png */,
				7B280562143C6FA3003F0B0D /* halen.png */,
				7B280563143C6FA3003F0B0D /* halen@2x.png */,
				7B28055E143C6839003F0B0D /* gear.png */,
				7B28055F143C6839003F0B0D /* gear@2x.png */,
				7B28055A143C650A003F0B0D /* bestellingtest2.png */,
				7B28055B143C650A003F0B0D /* bestellingtest2@2x.png */,
				7B280556143C6381003F0B0D /* bestelling.png */,
				7B280557143C6381003F0B0D /* bestelling@2x.png */,
			);
			name = images;
			sourceTree = "<group>";
		};
		C6243803143350A500B9A7A6 /* Interface */ = {
			isa = PBXGroup;
			children = (
				7B280551143C5F7C003F0B0D /* images */,
				C6A8B4B4142A0EBA00FB2942 /* first.png */,
				C6A8B4B6142A0EBA00FB2942 /* first@2x.png */,
				C6A8B4BB142A0EBA00FB2942 /* second.png */,
				C6A8B4BD142A0EBA00FB2942 /* second@2x.png */,
				C6A8B4AB142A0EBA00FB2942 /* MainStoryboard_iPhone.storyboard */,
				C6A8B4AE142A0EBA00FB2942 /* MainStoryboard_iPad.storyboard */,
				C62437FD1433421F00B9A7A6 /* OrderOverviewViewController.h */,
				C62437FE1433421F00B9A7A6 /* OrderOverviewViewController.m */,
				C62438001433428300B9A7A6 /* ShoppingListsOverviewViewController.h */,
				C62438011433428300B9A7A6 /* ShoppingListsOverviewViewController.m */,
				C6E5D010143C824A006412FF /* OrderDetailsViewController.h */,
				C6E5D011143C824A006412FF /* OrderDetailsViewController.m */,
				C6148A92143C9EC300928A3D /* AddOrderItemSelectionView.h */,
				C6148A93143C9EC300928A3D /* AddOrderItemSelectionView.m */,
			);
			name = Interface;
			sourceTree = "<group>";
		};
		C64C699714458FAF00091A3C /* ASIHTTPRequest */ = {
			isa = PBXGroup;
			children = (
				C62566991445B7A5008DE470 /* Reachability.h */,
				C625669A1445B7A5008DE470 /* Reachability.m */,
				C64C699814458FD200091A3C /* ASIAuthenticationDialog.h */,
				C64C699914458FD200091A3C /* ASIAuthenticationDialog.m */,
				C64C699A14458FD200091A3C /* ASICacheDelegate.h */,
				C64C699B14458FD200091A3C /* ASIDataCompressor.h */,
				C64C699C14458FD200091A3C /* ASIDataCompressor.m */,
				C64C699D14458FD200091A3C /* ASIDataDecompressor.h */,
				C64C699E14458FD200091A3C /* ASIDataDecompressor.m */,
				C64C699F14458FD200091A3C /* ASIDownloadCache.h */,
				C64C69A014458FD200091A3C /* ASIDownloadCache.m */,
				C64C69A114458FD200091A3C /* ASIFormDataRequest.h */,
				C64C69A214458FD200091A3C /* ASIFormDataRequest.m */,
				C64C69A314458FD200091A3C /* ASIHTTPRequest.h */,
				C64C69A414458FD200091A3C /* ASIHTTPRequest.m */,
				C64C69A514458FD200091A3C /* ASIHTTPRequestConfig.h */,
				C64C69A614458FD200091A3C /* ASIHTTPRequestDelegate.h */,
				C64C69A714458FD200091A3C /* ASIInputStream.h */,
				C64C69A814458FD200091A3C /* ASIInputStream.m */,
				C64C69A914458FD200091A3C /* ASINetworkQueue.h */,
				C64C69AA14458FD200091A3C /* ASINetworkQueue.m */,
				C64C69AB14458FD200091A3C /* ASIProgressDelegate.h */,
			);
			name = ASIHTTPRequest;
			sourceTree = "<group>";
		};
		C6A8B48A142A0EBA00FB2942 = {
			isa = PBXGroup;
			children = (
				C6E1E4341451944C00AF96F9 /* appIconICanHas-01.png */,
				C6E1E4311451944800AF96F9 /* appIconICanHas2-01.png */,
				C63084361445BF7D0005063F /* SystemConfiguration.framework */,
				C63084331445BF660005063F /* MobileCoreServices.framework */,
				C64C69B61445901200091A3C /* libz.dylib */,
				C64C699714458FAF00091A3C /* ASIHTTPRequest */,
				C6A8B49F142A0EBA00FB2942 /* iCanHasFoodPlz */,
				C6A8B498142A0EBA00FB2942 /* Frameworks */,
				C6A8B496142A0EBA00FB2942 /* Products */,
			);
			sourceTree = "<group>";
		};
		C6A8B496142A0EBA00FB2942 /* Products */ = {
			isa = PBXGroup;
			children = (
				C6A8B495142A0EBA00FB2942 /* iCanHasFoodPlz.app */,
			);
			name = Products;
			sourceTree = "<group>";
		};
		C6A8B498142A0EBA00FB2942 /* Frameworks */ = {
			isa = PBXGroup;
			children = (
				C64C69B414458FF700091A3C /* CFNetwork.framework */,
				C6A8B499142A0EBA00FB2942 /* UIKit.framework */,
				C6A8B49B142A0EBA00FB2942 /* Foundation.framework */,
				C6A8B49D142A0EBA00FB2942 /* CoreGraphics.framework */,
			);
			name = Frameworks;
			sourceTree = "<group>";
		};
		C6A8B49F142A0EBA00FB2942 /* iCanHasFoodPlz */ = {
			isa = PBXGroup;
			children = (
				C6243803143350A500B9A7A6 /* Interface */,
				C6A8B4A8142A0EBA00FB2942 /* AppDelegate.h */,
				C6A8B4A9142A0EBA00FB2942 /* AppDelegate.m */,
				C6A8B4A0142A0EBA00FB2942 /* Supporting Files */,
				C62438041433512D00B9A7A6 /* Order.h */,
				C62438051433512D00B9A7A6 /* Order.m */,
				C6E5D00C143C7269006412FF /* ShoppingList.h */,
				C6E5D00D143C7269006412FF /* ShoppingList.m */,
			);
			path = iCanHasFoodPlz;
			sourceTree = "<group>";
		};
		C6A8B4A0142A0EBA00FB2942 /* Supporting Files */ = {
			isa = PBXGroup;
			children = (
				C6A8B4A1142A0EBA00FB2942 /* iCanHasFoodPlz-Info.plist */,
				C6A8B4A2142A0EBA00FB2942 /* InfoPlist.strings */,
				C6A8B4A5142A0EBA00FB2942 /* main.m */,
				C6A8B4A7142A0EBA00FB2942 /* iCanHasFoodPlz-Prefix.pch */,
			);
			name = "Supporting Files";
			sourceTree = "<group>";
		};
/* End PBXGroup section */

/* Begin PBXNativeTarget section */
		C6A8B494142A0EBA00FB2942 /* iCanHasFoodPlz */ = {
			isa = PBXNativeTarget;
			buildConfigurationList = C6A8B4C1142A0EBA00FB2942 /* Build configuration list for PBXNativeTarget "iCanHasFoodPlz" */;
			buildPhases = (
				C6A8B491142A0EBA00FB2942 /* Sources */,
				C6A8B492142A0EBA00FB2942 /* Frameworks */,
				C6A8B493142A0EBA00FB2942 /* Resources */,
			);
			buildRules = (
			);
			dependencies = (
			);
			name = iCanHasFoodPlz;
			productName = iCanHasFoodPlz;
			productReference = C6A8B495142A0EBA00FB2942 /* iCanHasFoodPlz.app */;
			productType = "com.apple.product-type.application";
		};
/* End PBXNativeTarget section */

/* Begin PBXProject section */
		C6A8B48C142A0EBA00FB2942 /* Project object */ = {
			isa = PBXProject;
			attributes = {
				LastUpgradeCheck = 0420;
				ORGANIZATIONNAME = "Fontys Hogeschool ICT";
			};
			buildConfigurationList = C6A8B48F142A0EBA00FB2942 /* Build configuration list for PBXProject "iCanHasFoodPlz" */;
			compatibilityVersion = "Xcode 3.2";
			developmentRegion = English;
			hasScannedForEncodings = 0;
			knownRegions = (
				en,
				nl,
			);
			mainGroup = C6A8B48A142A0EBA00FB2942;
			productRefGroup = C6A8B496142A0EBA00FB2942 /* Products */;
			projectDirPath = "";
			projectRoot = "";
			targets = (
				C6A8B494142A0EBA00FB2942 /* iCanHasFoodPlz */,
			);
		};
/* End PBXProject section */

/* Begin PBXResourcesBuildPhase section */
		C6A8B493142A0EBA00FB2942 /* Resources */ = {
			isa = PBXResourcesBuildPhase;
			buildActionMask = 2147483647;
			files = (
				C6A8B4A4142A0EBA00FB2942 /* InfoPlist.strings in Resources */,
				C6A8B4AD142A0EBA00FB2942 /* MainStoryboard_iPhone.storyboard in Resources */,
				C6A8B4B0142A0EBA00FB2942 /* MainStoryboard_iPad.storyboard in Resources */,
				C6A8B4B5142A0EBA00FB2942 /* first.png in Resources */,
				C6A8B4B7142A0EBA00FB2942 /* first@2x.png in Resources */,
				C6A8B4BC142A0EBA00FB2942 /* second.png in Resources */,
				C6A8B4BE142A0EBA00FB2942 /* second@2x.png in Resources */,
				7B280558143C6381003F0B0D /* bestelling.png in Resources */,
				7B280559143C6381003F0B0D /* bestelling@2x.png in Resources */,
				7B28055C143C650A003F0B0D /* bestellingtest2.png in Resources */,
				7B28055D143C650A003F0B0D /* bestellingtest2@2x.png in Resources */,
				7B280560143C6839003F0B0D /* gear.png in Resources */,
				7B280561143C6839003F0B0D /* gear@2x.png in Resources */,
				7B280564143C6FA3003F0B0D /* halen.png in Resources */,
				7B280565143C6FA3003F0B0D /* halen@2x.png in Resources */,
				7B280567143C7452003F0B0D /* mandje.png in Resources */,
				7B280569143C7498003F0B0D /* mandje@2x.png in Resources */,
				C6E1E4321451944800AF96F9 /* appIconICanHas2-01.png in Resources */,
				C6E1E4351451944C00AF96F9 /* appIconICanHas-01.png in Resources */,
			);
			runOnlyForDeploymentPostprocessing = 0;
		};
/* End PBXResourcesBuildPhase section */

/* Begin PBXSourcesBuildPhase section */
		C6A8B491142A0EBA00FB2942 /* Sources */ = {
			isa = PBXSourcesBuildPhase;
			buildActionMask = 2147483647;
			files = (
				C6A8B4A6142A0EBA00FB2942 /* main.m in Sources */,
				C6A8B4AA142A0EBA00FB2942 /* AppDelegate.m in Sources */,
				C62437FF1433421F00B9A7A6 /* OrderOverviewViewController.m in Sources */,
				C62438021433428300B9A7A6 /* ShoppingListsOverviewViewController.m in Sources */,
				C62438061433512D00B9A7A6 /* Order.m in Sources */,
				C6E5D00E143C7269006412FF /* ShoppingList.m in Sources */,
				C6E5D012143C824A006412FF /* OrderDetailsViewController.m in Sources */,
				C6148A94143C9EC300928A3D /* AddOrderItemSelectionView.m in Sources */,
				C64C69AC14458FD200091A3C /* ASIAuthenticationDialog.m in Sources */,
				C64C69AD14458FD200091A3C /* ASIDataCompressor.m in Sources */,
				C64C69AE14458FD200091A3C /* ASIDataDecompressor.m in Sources */,
				C64C69AF14458FD200091A3C /* ASIDownloadCache.m in Sources */,
				C64C69B014458FD200091A3C /* ASIFormDataRequest.m in Sources */,
				C64C69B114458FD200091A3C /* ASIHTTPRequest.m in Sources */,
				C64C69B214458FD200091A3C /* ASIInputStream.m in Sources */,
				C64C69B314458FD200091A3C /* ASINetworkQueue.m in Sources */,
				C625669B1445B7A5008DE470 /* Reachability.m in Sources */,
			);
			runOnlyForDeploymentPostprocessing = 0;
		};
/* End PBXSourcesBuildPhase section */

/* Begin PBXVariantGroup section */
		C6A8B4A2142A0EBA00FB2942 /* InfoPlist.strings */ = {
			isa = PBXVariantGroup;
			children = (
				C6A8B4A3142A0EBA00FB2942 /* en */,
			);
			name = InfoPlist.strings;
			sourceTree = "<group>";
		};
		C6A8B4AB142A0EBA00FB2942 /* MainStoryboard_iPhone.storyboard */ = {
			isa = PBXVariantGroup;
			children = (
				C6A8B4AC142A0EBA00FB2942 /* en */,
			);
			name = MainStoryboard_iPhone.storyboard;
			sourceTree = "<group>";
		};
		C6A8B4AE142A0EBA00FB2942 /* MainStoryboard_iPad.storyboard */ = {
			isa = PBXVariantGroup;
			children = (
				C6A8B4AF142A0EBA00FB2942 /* en */,
			);
			name = MainStoryboard_iPad.storyboard;
			sourceTree = "<group>";
		};
/* End PBXVariantGroup section */

/* Begin XCBuildConfiguration section */
		C6A8B4BF142A0EBA00FB2942 /* Debug */ = {
			isa = XCBuildConfiguration;
			buildSettings = {
				ALWAYS_SEARCH_USER_PATHS = NO;
				ARCHS = "$(ARCHS_STANDARD_32_BIT)";
				CLANG_ENABLE_OBJC_ARC = YES;
				"CODE_SIGN_IDENTITY[sdk=iphoneos*]" = "iPhone Developer";
				COPY_PHASE_STRIP = NO;
				GCC_C_LANGUAGE_STANDARD = gnu99;
				GCC_DYNAMIC_NO_PIC = NO;
				GCC_OPTIMIZATION_LEVEL = 0;
				GCC_PREPROCESSOR_DEFINITIONS = (
					"DEBUG=1",
					"$(inherited)",
				);
				GCC_SYMBOLS_PRIVATE_EXTERN = NO;
				GCC_VERSION = com.apple.compilers.llvm.clang.1_0;
				GCC_WARN_ABOUT_MISSING_PROTOTYPES = YES;
				GCC_WARN_ABOUT_RETURN_TYPE = YES;
				GCC_WARN_UNUSED_VARIABLE = YES;
				IPHONEOS_DEPLOYMENT_TARGET = 5.0;
				SDKROOT = iphoneos;
				TARGETED_DEVICE_FAMILY = "1,2";
			};
			name = Debug;
		};
		C6A8B4C0142A0EBA00FB2942 /* Release */ = {
			isa = XCBuildConfiguration;
			buildSettings = {
				ALWAYS_SEARCH_USER_PATHS = NO;
				ARCHS = "$(ARCHS_STANDARD_32_BIT)";
				CLANG_ENABLE_OBJC_ARC = YES;
				"CODE_SIGN_IDENTITY[sdk=iphoneos*]" = "iPhone Developer";
				COPY_PHASE_STRIP = YES;
				GCC_C_LANGUAGE_STANDARD = gnu99;
				GCC_VERSION = com.apple.compilers.llvm.clang.1_0;
				GCC_WARN_ABOUT_MISSING_PROTOTYPES = YES;
				GCC_WARN_ABOUT_RETURN_TYPE = YES;
				GCC_WARN_UNUSED_VARIABLE = YES;
				IPHONEOS_DEPLOYMENT_TARGET = 5.0;
				OTHER_CFLAGS = "-DNS_BLOCK_ASSERTIONS=1";
				SDKROOT = iphoneos;
				TARGETED_DEVICE_FAMILY = "1,2";
				VALIDATE_PRODUCT = YES;
			};
			name = Release;
		};
		C6A8B4C2142A0EBA00FB2942 /* Debug */ = {
			isa = XCBuildConfiguration;
			buildSettings = {
				GCC_PRECOMPILE_PREFIX_HEADER = YES;
				GCC_PREFIX_HEADER = "iCanHasFoodPlz/iCanHasFoodPlz-Prefix.pch";
				INFOPLIST_FILE = "iCanHasFoodPlz/iCanHasFoodPlz-Info.plist";
				PRODUCT_NAME = "$(TARGET_NAME)";
				TARGETED_DEVICE_FAMILY = 1;
				USER_HEADER_SEARCH_PATHS = "$(SDKROOT)/usr/include/libxml2";
				WRAPPER_EXTENSION = app;
			};
			name = Debug;
		};
		C6A8B4C3142A0EBA00FB2942 /* Release */ = {
			isa = XCBuildConfiguration;
			buildSettings = {
				GCC_PRECOMPILE_PREFIX_HEADER = YES;
				GCC_PREFIX_HEADER = "iCanHasFoodPlz/iCanHasFoodPlz-Prefix.pch";
				INFOPLIST_FILE = "iCanHasFoodPlz/iCanHasFoodPlz-Info.plist";
				PRODUCT_NAME = "$(TARGET_NAME)";
				TARGETED_DEVICE_FAMILY = 1;
				USER_HEADER_SEARCH_PATHS = "$(SDKROOT)/usr/include/libxml2";
				WRAPPER_EXTENSION = app;
			};
			name = Release;
		};
/* End XCBuildConfiguration section */

/* Begin XCConfigurationList section */
		C6A8B48F142A0EBA00FB2942 /* Build configuration list for PBXProject "iCanHasFoodPlz" */ = {
			isa = XCConfigurationList;
			buildConfigurations = (
				C6A8B4BF142A0EBA00FB2942 /* Debug */,
				C6A8B4C0142A0EBA00FB2942 /* Release */,
			);
			defaultConfigurationIsVisible = 0;
			defaultConfigurationName = Release;
		};
		C6A8B4C1142A0EBA00FB2942 /* Build configuration list for PBXNativeTarget "iCanHasFoodPlz" */ = {
			isa = XCConfigurationList;
			buildConfigurations = (
				C6A8B4C2142A0EBA00FB2942 /* Debug */,
				C6A8B4C3142A0EBA00FB2942 /* Release */,
			);
			defaultConfigurationIsVisible = 0;
			defaultConfigurationName = Release;
		};
/* End XCConfigurationList section */
	};
	rootObject = C6A8B48C142A0EBA00FB2942 /* Project object */;
}
